// !$*UTF8*$!
{
	archiveVersion = 1;
	classes = {
	};
	objectVersion = 50;
	objects = {

/* Begin PBXBuildFile section */
		325E9023CF0609BA8D5BEEA0 /* Pods_Phone.framework in Frameworks */ = {isa = PBXBuildFile; fileRef = B06277C265FCFD061728F8E5 /* Pods_Phone.framework */; };
		5AE6C54A20FF843D00DD1A8D /* AppDelegate.swift in Sources */ = {isa = PBXBuildFile; fileRef = 5AE6C54920FF843D00DD1A8D /* AppDelegate.swift */; };
		5AE6C54C20FF843D00DD1A8D /* ViewController.swift in Sources */ = {isa = PBXBuildFile; fileRef = 5AE6C54B20FF843D00DD1A8D /* ViewController.swift */; };
		5AE6C54F20FF843D00DD1A8D /* Main.storyboard in Resources */ = {isa = PBXBuildFile; fileRef = 5AE6C54D20FF843D00DD1A8D /* Main.storyboard */; };
		5AE6C55120FF844000DD1A8D /* Assets.xcassets in Resources */ = {isa = PBXBuildFile; fileRef = 5AE6C55020FF844000DD1A8D /* Assets.xcassets */; };
		5AE6C55420FF844000DD1A8D /* LaunchScreen.storyboard in Resources */ = {isa = PBXBuildFile; fileRef = 5AE6C55220FF844000DD1A8D /* LaunchScreen.storyboard */; };
		5AE6C55C20FF851F00DD1A8D /* GoogleService-Info.plist in Resources */ = {isa = PBXBuildFile; fileRef = 5AE6C55B20FF851F00DD1A8D /* GoogleService-Info.plist */; };
/* End PBXBuildFile section */

/* Begin PBXFileReference section */
		5AE6C54620FF843D00DD1A8D /* Phone.app */ = {isa = PBXFileReference; explicitFileType = wrapper.application; includeInIndex = 0; path = Phone.app; sourceTree = BUILT_PRODUCTS_DIR; };
		5AE6C54920FF843D00DD1A8D /* AppDelegate.swift */ = {isa = PBXFileReference; lastKnownFileType = sourcecode.swift; path = AppDelegate.swift; sourceTree = "<group>"; };
		5AE6C54B20FF843D00DD1A8D /* ViewController.swift */ = {isa = PBXFileReference; lastKnownFileType = sourcecode.swift; path = ViewController.swift; sourceTree = "<group>"; };
		5AE6C54E20FF843D00DD1A8D /* Base */ = {isa = PBXFileReference; lastKnownFileType = file.storyboard; name = Base; path = Base.lproj/Main.storyboard; sourceTree = "<group>"; };
		5AE6C55020FF844000DD1A8D /* Assets.xcassets */ = {isa = PBXFileReference; lastKnownFileType = folder.assetcatalog; path = Assets.xcassets; sourceTree = "<group>"; };
		5AE6C55320FF844000DD1A8D /* Base */ = {isa = PBXFileReference; lastKnownFileType = file.storyboard; name = Base; path = Base.lproj/LaunchScreen.storyboard; sourceTree = "<group>"; };
		5AE6C55520FF844000DD1A8D /* Info.plist */ = {isa = PBXFileReference; lastKnownFileType = text.plist.xml; path = Info.plist; sourceTree = "<group>"; };
		5AE6C55B20FF851F00DD1A8D /* GoogleService-Info.plist */ = {isa = PBXFileReference; fileEncoding = 4; lastKnownFileType = text.plist.xml; path = "GoogleService-Info.plist"; sourceTree = "<group>"; };
		8F1DB179B0924F13F3F69CF6 /* Pods-Phone.release.xcconfig */ = {isa = PBXFileReference; includeInIndex = 1; lastKnownFileType = text.xcconfig; name = "Pods-Phone.release.xcconfig"; path = "Pods/Target Support Files/Pods-Phone/Pods-Phone.release.xcconfig"; sourceTree = "<group>"; };
		B06277C265FCFD061728F8E5 /* Pods_Phone.framework */ = {isa = PBXFileReference; explicitFileType = wrapper.framework; includeInIndex = 0; path = Pods_Phone.framework; sourceTree = BUILT_PRODUCTS_DIR; };
		BAC2036DEE7A373360456BF7 /* Pods-Phone.debug.xcconfig */ = {isa = PBXFileReference; includeInIndex = 1; lastKnownFileType = text.xcconfig; name = "Pods-Phone.debug.xcconfig"; path = "Pods/Target Support Files/Pods-Phone/Pods-Phone.debug.xcconfig"; sourceTree = "<group>"; };
/* End PBXFileReference section */

/* Begin PBXFrameworksBuildPhase section */
		5AE6C54320FF843D00DD1A8D /* Frameworks */ = {
			isa = PBXFrameworksBuildPhase;
			buildActionMask = 2147483647;
			files = (
				325E9023CF0609BA8D5BEEA0 /* Pods_Phone.framework in Frameworks */,
			);
			runOnlyForDeploymentPostprocessing = 0;
		};
/* End PBXFrameworksBuildPhase section */

/* Begin PBXGroup section */
		07E3E4820ED3251AE5DF0D87 /* Pods */ = {
			isa = PBXGroup;
			children = (
				BAC2036DEE7A373360456BF7 /* Pods-Phone.debug.xcconfig */,
				8F1DB179B0924F13F3F69CF6 /* Pods-Phone.release.xcconfig */,
			);
			name = Pods;
			sourceTree = "<group>";
		};
		5AE6C53D20FF843D00DD1A8D = {
			isa = PBXGroup;
			children = (
				5AE6C54820FF843D00DD1A8D /* Phone */,
				5AE6C54720FF843D00DD1A8D /* Products */,
				07E3E4820ED3251AE5DF0D87 /* Pods */,
				C1D7174BC6B8B685AFACE7A0 /* Frameworks */,
			);
			sourceTree = "<group>";
		};
		5AE6C54720FF843D00DD1A8D /* Products */ = {
			isa = PBXGroup;
			children = (
				5AE6C54620FF843D00DD1A8D /* Phone.app */,
			);
			name = Products;
			sourceTree = "<group>";
		};
		5AE6C54820FF843D00DD1A8D /* Phone */ = {
			isa = PBXGroup;
			children = (
				5AE6C54920FF843D00DD1A8D /* AppDelegate.swift */,
				5AE6C54B20FF843D00DD1A8D /* ViewController.swift */,
				5AE6C54D20FF843D00DD1A8D /* Main.storyboard */,
				5AE6C55020FF844000DD1A8D /* Assets.xcassets */,
				5AE6C55220FF844000DD1A8D /* LaunchScreen.storyboard */,
				5AE6C55520FF844000DD1A8D /* Info.plist */,
				5AE6C55B20FF851F00DD1A8D /* GoogleService-Info.plist */,
			);
			path = Phone;
			sourceTree = "<group>";
		};
		C1D7174BC6B8B685AFACE7A0 /* Frameworks */ = {
			isa = PBXGroup;
			children = (
				B06277C265FCFD061728F8E5 /* Pods_Phone.framework */,
			);
			name = Frameworks;
			sourceTree = "<group>";
		};
/* End PBXGroup section */

/* Begin PBXNativeTarget section */
		5AE6C54520FF843D00DD1A8D /* Phone */ = {
			isa = PBXNativeTarget;
			buildConfigurationList = 5AE6C55820FF844000DD1A8D /* Build configuration list for PBXNativeTarget "Phone" */;
			buildPhases = (
				046103CD9376A7C7EA8DC03A /* [CP] Check Pods Manifest.lock */,
				5AE6C54220FF843D00DD1A8D /* Sources */,
				5AE6C54320FF843D00DD1A8D /* Frameworks */,
				5AE6C54420FF843D00DD1A8D /* Resources */,
				2B7EB6FA87FE30BE6135D904 /* [CP] Embed Pods Frameworks */,
			);
			buildRules = (
			);
			dependencies = (
			);
			name = Phone;
			productName = Phone;
			productReference = 5AE6C54620FF843D00DD1A8D /* Phone.app */;
			productType = "com.apple.product-type.application";
		};
/* End PBXNativeTarget section */

/* Begin PBXProject section */
		5AE6C53E20FF843D00DD1A8D /* Project object */ = {
			isa = PBXProject;
			attributes = {
				LastSwiftUpdateCheck = 0940;
				LastUpgradeCheck = 0940;
				ORGANIZATIONNAME = "Prasad Zamre";
				TargetAttributes = {
					5AE6C54520FF843D00DD1A8D = {
						CreatedOnToolsVersion = 9.4.1;
					};
				};
			};
			buildConfigurationList = 5AE6C54120FF843D00DD1A8D /* Build configuration list for PBXProject "Phone" */;
			compatibilityVersion = "Xcode 9.3";
			developmentRegion = en;
			hasScannedForEncodings = 0;
			knownRegions = (
				en,
				Base,
			);
			mainGroup = 5AE6C53D20FF843D00DD1A8D;
			productRefGroup = 5AE6C54720FF843D00DD1A8D /* Products */;
			projectDirPath = "";
			projectRoot = "";
			targets = (
				5AE6C54520FF843D00DD1A8D /* Phone */,
			);
		};
/* End PBXProject section */

/* Begin PBXResourcesBuildPhase section */
		5AE6C54420FF843D00DD1A8D /* Resources */ = {
			isa = PBXResourcesBuildPhase;
			buildActionMask = 2147483647;
			files = (
				5AE6C55420FF844000DD1A8D /* LaunchScreen.storyboard in Resources */,
				5AE6C55C20FF851F00DD1A8D /* GoogleService-Info.plist in Resources */,
				5AE6C55120FF844000DD1A8D /* Assets.xcassets in Resources */,
				5AE6C54F20FF843D00DD1A8D /* Main.storyboard in Resources */,
			);
			runOnlyForDeploymentPostprocessing = 0;
		};
/* End PBXResourcesBuildPhase section */

/* Begin PBXShellScriptBuildPhase section */
		046103CD9376A7C7EA8DC03A /* [CP] Check Pods Manifest.lock */ = {
			isa = PBXShellScriptBuildPhase;
			buildActionMask = 2147483647;
			files = (
			);
			inputPaths = (
				"${PODS_PODFILE_DIR_PATH}/Podfile.lock",
				"${PODS_ROOT}/Manifest.lock",
			);
			name = "[CP] Check Pods Manifest.lock";
			outputPaths = (
				"$(DERIVED_FILE_DIR)/Pods-Phone-checkManifestLockResult.txt",
			);
			runOnlyForDeploymentPostprocessing = 0;
			shellPath = /bin/sh;
			shellScript = "diff \"${PODS_PODFILE_DIR_PATH}/Podfile.lock\" \"${PODS_ROOT}/Manifest.lock\" > /dev/null\nif [ $? != 0 ] ; then\n    # print error to STDERR\n    echo \"error: The sandbox is not in sync with the Podfile.lock. Run 'pod install' or update your CocoaPods installation.\" >&2\n    exit 1\nfi\n# This output is used by Xcode 'outputs' to avoid re-running this script phase.\necho \"SUCCESS\" > \"${SCRIPT_OUTPUT_FILE_0}\"\n";
			showEnvVarsInLog = 0;
		};
		2B7EB6FA87FE30BE6135D904 /* [CP] Embed Pods Frameworks */ = {
			isa = PBXShellScriptBuildPhase;
			buildActionMask = 2147483647;
			files = (
			);
			inputPaths = (
				"${SRCROOT}/Pods/Target Support Files/Pods-Phone/Pods-Phone-frameworks.sh",
				"${BUILT_PRODUCTS_DIR}/GTMSessionFetcher/GTMSessionFetcher.framework",
				"${BUILT_PRODUCTS_DIR}/GoogleToolboxForMac/GoogleToolboxForMac.framework",
			);
			name = "[CP] Embed Pods Frameworks";
			outputPaths = (
				"${TARGET_BUILD_DIR}/${FRAMEWORKS_FOLDER_PATH}/GTMSessionFetcher.framework",
				"${TARGET_BUILD_DIR}/${FRAMEWORKS_FOLDER_PATH}/GoogleToolboxForMac.framework",
			);
			runOnlyForDeploymentPostprocessing = 0;
			shellPath = /bin/sh;
			shellScript = "\"${SRCROOT}/Pods/Target Support Files/Pods-Phone/Pods-Phone-frameworks.sh\"\n";
			showEnvVarsInLog = 0;
		};
/* End PBXShellScriptBuildPhase section */

/* Begin PBXSourcesBuildPhase section */
		5AE6C54220FF843D00DD1A8D /* Sources */ = {
			isa = PBXSourcesBuildPhase;
			buildActionMask = 2147483647;
			files = (
				5AE6C54C20FF843D00DD1A8D /* ViewController.swift in Sources */,
				5AE6C54A20FF843D00DD1A8D /* AppDelegate.swift in Sources */,
			);
			runOnlyForDeploymentPostprocessing = 0;
		};
/* End PBXSourcesBuildPhase section */

/* Begin PBXVariantGroup section */
		5AE6C54D20FF843D00DD1A8D /* Main.storyboard */ = {
			isa = PBXVariantGroup;
			children = (
				5AE6C54E20FF843D00DD1A8D /* Base */,
			);
			name = Main.storyboard;
			sourceTree = "<group>";
		};
		5AE6C55220FF844000DD1A8D /* LaunchScreen.storyboard */ = {
			isa = PBXVariantGroup;
			children = (
				5AE6C55320FF844000DD1A8D /* Base */,
			);
			name = LaunchScreen.storyboard;
			sourceTree = "<group>";
		};
/* End PBXVariantGroup section */

/* Begin XCBuildConfiguration section */
		5AE6C55620FF844000DD1A8D /* Debug */ = {
			isa = XCBuildConfiguration;
			buildSettings = {
				ALWAYS_SEARCH_USER_PATHS = NO;
				CLANG_ANALYZER_NONNULL = YES;
				CLANG_ANALYZER_NUMBER_OBJECT_CONVERSION = YES_AGGRESSIVE;
				CLANG_CXX_LANGUAGE_STANDARD = "gnu++14";
				CLANG_CXX_LIBRARY = "libc++";
				CLANG_ENABLE_MODULES = YES;
				CLANG_ENABLE_OBJC_ARC = YES;
				CLANG_ENABLE_OBJC_WEAK = YES;
				CLANG_WARN_BLOCK_CAPTURE_AUTORELEASING = YES;
				CLANG_WARN_BOOL_CONVERSION = YES;
				CLANG_WARN_COMMA = YES;
				CLANG_WARN_CONSTANT_CONVERSION = YES;
				CLANG_WARN_DEPRECATED_OBJC_IMPLEMENTATIONS = YES;
				CLANG_WARN_DIRECT_OBJC_ISA_USAGE = YES_ERROR;
				CLANG_WARN_DOCUMENTATION_COMMENTS = YES;
				CLANG_WARN_EMPTY_BODY = YES;
				CLANG_WARN_ENUM_CONVERSION = YES;
				CLANG_WARN_INFINITE_RECURSION = YES;
				CLANG_WARN_INT_CONVERSION = YES;
				CLANG_WARN_NON_LITERAL_NULL_CONVERSION = YES;
				CLANG_WARN_OBJC_IMPLICIT_RETAIN_SELF = YES;
				CLANG_WARN_OBJC_LITERAL_CONVERSION = YES;
				CLANG_WARN_OBJC_ROOT_CLASS = YES_ERROR;
				CLANG_WARN_RANGE_LOOP_ANALYSIS = YES;
				CLANG_WARN_STRICT_PROTOTYPES = YES;
				CLANG_WARN_SUSPICIOUS_MOVE = YES;
				CLANG_WARN_UNGUARDED_AVAILABILITY = YES_AGGRESSIVE;
				CLANG_WARN_UNREACHABLE_CODE = YES;
				CLANG_WARN__DUPLICATE_METHOD_MATCH = YES;
				CODE_SIGN_IDENTITY = "iPhone Developer";
				COPY_PHASE_STRIP = NO;
				DEBUG_INFORMATION_FORMAT = dwarf;
				ENABLE_STRICT_OBJC_MSGSEND = YES;
				ENABLE_TESTABILITY = YES;
				GCC_C_LANGUAGE_STANDARD = gnu11;
				GCC_DYNAMIC_NO_PIC = NO;
				GCC_NO_COMMON_BLOCKS = YES;
				GCC_OPTIMIZATION_LEVEL = 0;
				GCC_PREPROCESSOR_DEFINITIONS = (
					"DEBUG=1",
					"$(inherited)",
				);
				GCC_WARN_64_TO_32_BIT_CONVERSION = YES;
				GCC_WARN_ABOUT_RETURN_TYPE = YES_ERROR;
				GCC_WARN_UNDECLARED_SELECTOR = YES;
				GCC_WARN_UNINITIALIZED_AUTOS = YES_AGGRESSIVE;
				GCC_WARN_UNUSED_FUNCTION = YES;
				GCC_WARN_UNUSED_VARIABLE = YES;
				IPHONEOS_DEPLOYMENT_TARGET = 11.4;
				MTL_ENABLE_DEBUG_INFO = YES;
				ONLY_ACTIVE_ARCH = YES;
				SDKROOT = iphoneos;
				SWIFT_ACTIVE_COMPILATION_CONDITIONS = DEBUG;
				SWIFT_OPTIMIZATION_LEVEL = "-Onone";
			};
			name = Debug;
		};
		5AE6C55720FF844000DD1A8D /* Release */ = {
			isa = XCBuildConfiguration;
			buildSettings = {
				ALWAYS_SEARCH_USER_PATHS = NO;
				CLANG_ANALYZER_NONNULL = YES;
				CLANG_ANALYZER_NUMBER_OBJECT_CONVERSION = YES_AGGRESSIVE;
				CLANG_CXX_LANGUAGE_STANDARD = "gnu++14";
				CLANG_CXX_LIBRARY = "libc++";
				CLANG_ENABLE_MODULES = YES;
				CLANG_ENABLE_OBJC_ARC = YES;
				CLANG_ENABLE_OBJC_WEAK = YES;
				CLANG_WARN_BLOCK_CAPTURE_AUTORELEASING = YES;
				CLANG_WARN_BOOL_CONVERSION = YES;
				CLANG_WARN_COMMA = YES;
				CLANG_WARN_CONSTANT_CONVERSION = YES;
				CLANG_WARN_DEPRECATED_OBJC_IMPLEMENTATIONS = YES;
				CLANG_WARN_DIRECT_OBJC_ISA_USAGE = YES_ERROR;
				CLANG_WARN_DOCUMENTATION_COMMENTS = YES;
				CLANG_WARN_EMPTY_BODY = YES;
				CLANG_WARN_ENUM_CONVERSION = YES;
				CLANG_WARN_INFINITE_RECURSION = YES;
				CLANG_WARN_INT_CONVERSION = YES;
				CLANG_WARN_NON_LITERAL_NULL_CONVERSION = YES;
				CLANG_WARN_OBJC_IMPLICIT_RETAIN_SELF = YES;
				CLANG_WARN_OBJC_LITERAL_CONVERSION = YES;
				CLANG_WARN_OBJC_ROOT_CLASS = YES_ERROR;
				CLANG_WARN_RANGE_LOOP_ANALYSIS = YES;
				CLANG_WARN_STRICT_PROTOTYPES = YES;
				CLANG_WARN_SUSPICIOUS_MOVE = YES;
				CLANG_WARN_UNGUARDED_AVAILABILITY = YES_AGGRESSIVE;
				CLANG_WARN_UNREACHABLE_CODE = YES;
				CLANG_WARN__DUPLICATE_METHOD_MATCH = YES;
				CODE_SIGN_IDENTITY = "iPhone Developer";
				COPY_PHASE_STRIP = NO;
				DEBUG_INFORMATION_FORMAT = "dwarf-with-dsym";
				ENABLE_NS_ASSERTIONS = NO;
				ENABLE_STRICT_OBJC_MSGSEND = YES;
				GCC_C_LANGUAGE_STANDARD = gnu11;
				GCC_NO_COMMON_BLOCKS = YES;
				GCC_WARN_64_TO_32_BIT_CONVERSION = YES;
				GCC_WARN_ABOUT_RETURN_TYPE = YES_ERROR;
				GCC_WARN_UNDECLARED_SELECTOR = YES;
				GCC_WARN_UNINITIALIZED_AUTOS = YES_AGGRESSIVE;
				GCC_WARN_UNUSED_FUNCTION = YES;
				GCC_WARN_UNUSED_VARIABLE = YES;
				IPHONEOS_DEPLOYMENT_TARGET = 11.4;
				MTL_ENABLE_DEBUG_INFO = NO;
				SDKROOT = iphoneos;
				SWIFT_COMPILATION_MODE = wholemodule;
				SWIFT_OPTIMIZATION_LEVEL = "-O";
				VALIDATE_PRODUCT = YES;
			};
			name = Release;
		};
		5AE6C55920FF844000DD1A8D /* Debug */ = {
			isa = XCBuildConfiguration;
			baseConfigurationReference = BAC2036DEE7A373360456BF7 /* Pods-Phone.debug.xcconfig */;
			buildSettings = {
				ASSETCATALOG_COMPILER_APPICON_NAME = AppIcon;
				CODE_SIGN_STYLE = Automatic;
				DEVELOPMENT_TEAM = 9YD5JBS37K;
				INFOPLIST_FILE = Phone/Info.plist;
				LD_RUNPATH_SEARCH_PATHS = (
					"$(inherited)",
					"@executable_path/Frameworks",
				);
				PRODUCT_BUNDLE_IDENTIFIER = com.prasad.Phone;
				PRODUCT_NAME = "$(TARGET_NAME)";
				SWIFT_VERSION = 4.0;
				TARGETED_DEVICE_FAMILY = "1,2";
			};
			name = Debug;
		};
		5AE6C55A20FF844000DD1A8D /* Release */ = {
			isa = XCBuildConfiguration;
			baseConfigurationReference = 8F1DB179B0924F13F3F69CF6 /* Pods-Phone.release.xcconfig */;
			buildSettings = {
				ASSETCATALOG_COMPILER_APPICON_NAME = AppIcon;
				CODE_SIGN_STYLE = Automatic;
				DEVELOPMENT_TEAM = 9YD5JBS37K;
				INFOPLIST_FILE = Phone/Info.plist;
				LD_RUNPATH_SEARCH_PATHS = (
					"$(inherited)",
					"@executable_path/Frameworks",
				);
				PRODUCT_BUNDLE_IDENTIFIER = com.prasad.Phone;
				PRODUCT_NAME = "$(TARGET_NAME)";
				SWIFT_VERSION = 4.0;
				TARGETED_DEVICE_FAMILY = "1,2";
			};
			name = Release;
		};
/* End XCBuildConfiguration section */

/* Begin XCConfigurationList section */
		5AE6C54120FF843D00DD1A8D /* Build configuration list for PBXProject "Phone" */ = {
			isa = XCConfigurationList;
			buildConfigurations = (
				5AE6C55620FF844000DD1A8D /* Debug */,
				5AE6C55720FF844000DD1A8D /* Release */,
			);
			defaultConfigurationIsVisible = 0;
			defaultConfigurationName = Release;
		};
		5AE6C55820FF844000DD1A8D /* Build configuration list for PBXNativeTarget "Phone" */ = {
			isa = XCConfigurationList;
			buildConfigurations = (
				5AE6C55920FF844000DD1A8D /* Debug */,
				5AE6C55A20FF844000DD1A8D /* Release */,
			);
			defaultConfigurationIsVisible = 0;
			defaultConfigurationName = Release;
		};
/* End XCConfigurationList section */
	};
	rootObject = 5AE6C53E20FF843D00DD1A8D /* Project object */;
}
